
Microsoft Visual Studio Solution File, Format Version 12.00
# Visual Studio 15
VisualStudioVersion = 15.0.27428.2027
MinimumVisualStudioVersion = 10.0.40219.1
Project("{FAE04EC0-301F-11D3-BF4B-00C04F79EFBC}") = "OsuBeatmapParser", "OsuBeatmapParser\OsuBeatmapParser.csproj", "{84C32A7C-78DD-4DB5-A9F5-1AD7083F9C8C}"
EndProject
Global
	GlobalSection(SolutionConfigurationPlatforms) = preSolution
		Debug|Any CPU = Debug|Any CPU
		Release|Any CPU = Release|Any CPU
	EndGlobalSection
	GlobalSection(ProjectConfigurationPlatforms) = postSolution
		{84C32A7C-78DD-4DB5-A9F5-1AD7083F9C8C}.Debug|Any CPU.ActiveCfg = Debug|Any CPU
		{84C32A7C-78DD-4DB5-A9F5-1AD7083F9C8C}.Debug|Any CPU.Build.0 = Debug|Any CPU
		{84C32A7C-78DD-4DB5-A9F5-1AD7083F9C8C}.Release|Any CPU.ActiveCfg = Release|Any CPU
		{84C32A7C-78DD-4DB5-A9F5-1AD7083F9C8C}.Release|Any CPU.Build.0 = Release|Any CPU
	EndGlobalSection
	GlobalSection(SolutionProperties) = preSolution
		HideSolutionNode = FALSE
	EndGlobalSection
	GlobalSection(ExtensibilityGlobals) = postSolution
		SolutionGuid = {8012ED47-AC17-49B2-BD16-87731E2FC53C}
	EndGlobalSection
EndGlobal
